
Microsoft Visual Studio Solution File, Format Version 12.00
# Visual Studio Version 17
VisualStudioVersion = 17.6.33723.286
MinimumVisualStudioVersion = 10.0.40219.1
Project("{FAE04EC0-301F-11D3-BF4B-00C04F79EFBC}") = "WpfApp2", "WpfApp2\WpfApp2.csproj", "{6676B03C-8FDC-4F7D-AEEF-8FE0CB03FE3B}"
EndProject
Project("{FAE04EC0-301F-11D3-BF4B-00C04F79EFBC}") = "ClassLibrary1", "ClassLibrary1\ClassLibrary1.csproj", "{C9AA952E-A14F-4DC5-8647-9D9A6D5600B6}"
EndProject
Project("{FAE04EC0-301F-11D3-BF4B-00C04F79EFBC}") = "UnitTestProject1", "UnitTestProject1\UnitTestProject1.csproj", "{7E1B4F73-67AE-4316-B777-3EE2BCAEEE05}"
EndProject
Global
	GlobalSection(SolutionConfigurationPlatforms) = preSolution
		Debug|Any CPU = Debug|Any CPU
		Release|Any CPU = Release|Any CPU
	EndGlobalSection
	GlobalSection(ProjectConfigurationPlatforms) = postSolution
		{6676B03C-8FDC-4F7D-AEEF-8FE0CB03FE3B}.Debug|Any CPU.ActiveCfg = Debug|Any CPU
		{6676B03C-8FDC-4F7D-AEEF-8FE0CB03FE3B}.Debug|Any CPU.Build.0 = Debug|Any CPU
		{6676B03C-8FDC-4F7D-AEEF-8FE0CB03FE3B}.Release|Any CPU.ActiveCfg = Release|Any CPU
		{6676B03C-8FDC-4F7D-AEEF-8FE0CB03FE3B}.Release|Any CPU.Build.0 = Release|Any CPU
		{C9AA952E-A14F-4DC5-8647-9D9A6D5600B6}.Debug|Any CPU.ActiveCfg = Debug|Any CPU
		{C9AA952E-A14F-4DC5-8647-9D9A6D5600B6}.Debug|Any CPU.Build.0 = Debug|Any CPU
		{C9AA952E-A14F-4DC5-8647-9D9A6D5600B6}.Release|Any CPU.ActiveCfg = Release|Any CPU
		{C9AA952E-A14F-4DC5-8647-9D9A6D5600B6}.Release|Any CPU.Build.0 = Release|Any CPU
		{7E1B4F73-67AE-4316-B777-3EE2BCAEEE05}.Debug|Any CPU.ActiveCfg = Debug|Any CPU
		{7E1B4F73-67AE-4316-B777-3EE2BCAEEE05}.Debug|Any CPU.Build.0 = Debug|Any CPU
		{7E1B4F73-67AE-4316-B777-3EE2BCAEEE05}.Release|Any CPU.ActiveCfg = Release|Any CPU
		{7E1B4F73-67AE-4316-B777-3EE2BCAEEE05}.Release|Any CPU.Build.0 = Release|Any CPU
	EndGlobalSection
	GlobalSection(SolutionProperties) = preSolution
		HideSolutionNode = FALSE
	EndGlobalSection
	GlobalSection(ExtensibilityGlobals) = postSolution
		SolutionGuid = {F2D34B0C-2E8B-4171-8C40-D338CFE8AF8E}
	EndGlobalSection
EndGlobal
